Microsoft Visual Studio Solution File, Format Version 12.00
# Visual Studio Version 17
VisualStudioVersion = 17.5.2.0
MinimumVisualStudioVersion = 10.0.40219.1
Project("{FAE04EC0-301F-11D3-BF4B-00C04F79EFBC}") = "QuantumDreamsAI", "QuantumDreamsAI.csproj", "{EFA77F42-4313-2733-343B-BC1E6F0D0FBA}"
EndProject
Global
	GlobalSection(SolutionConfigurationPlatforms) = preSolution
		Debug|Any CPU = Debug|Any CPU
		Release|Any CPU = Release|Any CPU
	EndGlobalSection
	GlobalSection(ProjectConfigurationPlatforms) = postSolution
		{EFA77F42-4313-2733-343B-BC1E6F0D0FBA}.Debug|Any CPU.ActiveCfg = Debug|Any CPU
		{EFA77F42-4313-2733-343B-BC1E6F0D0FBA}.Debug|Any CPU.Build.0 = Debug|Any CPU
		{EFA77F42-4313-2733-343B-BC1E6F0D0FBA}.Release|Any CPU.ActiveCfg = Release|Any CPU
		{EFA77F42-4313-2733-343B-BC1E6F0D0FBA}.Release|Any CPU.Build.0 = Release|Any CPU
	EndGlobalSection
	GlobalSection(SolutionProperties) = preSolution
		HideSolutionNode = FALSE
	EndGlobalSection
	GlobalSection(ExtensibilityGlobals) = postSolution
		SolutionGuid = {2DF2E30E-24EC-40AE-9373-4DD01CC8ECB8}
	EndGlobalSection
EndGlobal
